// !$*UTF8*$!
{
	archiveVersion = 1;
	classes = {
	};
	objectVersion = 51;
	objects = {

/* Begin PBXBuildFile section */
		4887B4DF242BF962004D5153 /* ContentManager.swift in Sources */ = {isa = PBXBuildFile; fileRef = 4887B4DE242BF962004D5153 /* ContentManager.swift */; };
		4887B4E1242BF977004D5153 /* DataBaseManager.swift in Sources */ = {isa = PBXBuildFile; fileRef = 4887B4E0242BF977004D5153 /* DataBaseManager.swift */; };
		4887B4E7242F9BAE004D5153 /* Subscription.storyboard in Resources */ = {isa = PBXBuildFile; fileRef = 4887B4E6242F9BAE004D5153 /* Subscription.storyboard */; };
		4887B4E9242FB103004D5153 /* SubscriptionViewController.swift in Sources */ = {isa = PBXBuildFile; fileRef = 4887B4E8242FB103004D5153 /* SubscriptionViewController.swift */; };
		4887B4EC242FF26B004D5153 /* SubscriptionIAPManager.swift in Sources */ = {isa = PBXBuildFile; fileRef = 4887B4EB242FF26B004D5153 /* SubscriptionIAPManager.swift */; };
		4887B4F02430C216004D5153 /* TabBarViewController.swift in Sources */ = {isa = PBXBuildFile; fileRef = 4887B4EF2430C216004D5153 /* TabBarViewController.swift */; };
		4887B4F52430C4F2004D5153 /* MainMenu.storyboard in Resources */ = {isa = PBXBuildFile; fileRef = 4887B4F42430C4F2004D5153 /* MainMenu.storyboard */; };
		4887B4F72430C511004D5153 /* MainMenuViewController.swift in Sources */ = {isa = PBXBuildFile; fileRef = 4887B4F62430C511004D5153 /* MainMenuViewController.swift */; };
		4887B4FF2430C7A9004D5153 /* ProfileViewController.swift in Sources */ = {isa = PBXBuildFile; fileRef = 4887B4FE2430C7A9004D5153 /* ProfileViewController.swift */; };
		4887B5012430C7B9004D5153 /* Profile.storyboard in Resources */ = {isa = PBXBuildFile; fileRef = 4887B5002430C7B9004D5153 /* Profile.storyboard */; };
		4887B5032430C803004D5153 /* SettingsViewController.swift in Sources */ = {isa = PBXBuildFile; fileRef = 4887B5022430C803004D5153 /* SettingsViewController.swift */; };
		4887B5052430C814004D5153 /* Settings.storyboard in Resources */ = {isa = PBXBuildFile; fileRef = 4887B5042430C814004D5153 /* Settings.storyboard */; };
		4887B5092430D317004D5153 /* Storyboard.swift in Sources */ = {isa = PBXBuildFile; fileRef = 4887B5082430D317004D5153 /* Storyboard.swift */; };
		4887B50C2430D5F3004D5153 /* StoryboardExtension.swift in Sources */ = {isa = PBXBuildFile; fileRef = 4887B50B2430D5F3004D5153 /* StoryboardExtension.swift */; };
		4887B5112433AA35004D5153 /* DontKnowZodiak.storyboard in Resources */ = {isa = PBXBuildFile; fileRef = 4887B5102433AA35004D5153 /* DontKnowZodiak.storyboard */; };
		4887B5142438B9B2004D5153 /* SettingsTableViewCell.swift in Sources */ = {isa = PBXBuildFile; fileRef = 4887B5132438B9B2004D5153 /* SettingsTableViewCell.swift */; };
		48A6F467243A30FF002E97F1 /* logo1.gif in Resources */ = {isa = PBXBuildFile; fileRef = 48A6F466243A30FF002E97F1 /* logo1.gif */; };
		48A6F46C243A3997002E97F1 /* TermsOfService.storyboard in Resources */ = {isa = PBXBuildFile; fileRef = 48A6F46B243A3997002E97F1 /* TermsOfService.storyboard */; };
		48A6F46E243A457E002E97F1 /* TermsOfServiceViewController.swift in Sources */ = {isa = PBXBuildFile; fileRef = 48A6F46D243A457E002E97F1 /* TermsOfServiceViewController.swift */; };
		48A6F4702454DF30002E97F1 /* DontKnowZodiakViewController.swift in Sources */ = {isa = PBXBuildFile; fileRef = 48A6F46F2454DF30002E97F1 /* DontKnowZodiakViewController.swift */; };
		48D0AD722425FA1700E69E92 /* AppDelegate.swift in Sources */ = {isa = PBXBuildFile; fileRef = 48D0AD712425FA1700E69E92 /* AppDelegate.swift */; };
		48D0AD762425FA1700E69E92 /* ViewController.swift in Sources */ = {isa = PBXBuildFile; fileRef = 48D0AD752425FA1700E69E92 /* ViewController.swift */; };
		48D0AD7B2425FA1900E69E92 /* Assets.xcassets in Resources */ = {isa = PBXBuildFile; fileRef = 48D0AD7A2425FA1900E69E92 /* Assets.xcassets */; };
		48D0AD7E2425FA1900E69E92 /* LaunchScreen.storyboard in Resources */ = {isa = PBXBuildFile; fileRef = 48D0AD7C2425FA1900E69E92 /* LaunchScreen.storyboard */; };
		48D0AD882425FCC500E69E92 /* LogoAnimationView.swift in Sources */ = {isa = PBXBuildFile; fileRef = 48D0AD872425FCC500E69E92 /* LogoAnimationView.swift */; };
		48D0AD8B2425FD4800E69E92 /* LogoConstraints.swift in Sources */ = {isa = PBXBuildFile; fileRef = 48D0AD8A2425FD4800E69E92 /* LogoConstraints.swift */; };
		48D0AD92242632DE00E69E92 /* logo.gif in Resources */ = {isa = PBXBuildFile; fileRef = 48D0AD91242632DE00E69E92 /* logo.gif */; };
		48D0AD9924264F8900E69E92 /* NameEnter.storyboard in Resources */ = {isa = PBXBuildFile; fileRef = 48D0AD9824264F8900E69E92 /* NameEnter.storyboard */; };
		48D0AD9B2426595300E69E92 /* NameEnterViewController.swift in Sources */ = {isa = PBXBuildFile; fileRef = 48D0AD9A2426595300E69E92 /* NameEnterViewController.swift */; };
		48D0ADA024275FA400E69E92 /* ChooseZodiak.storyboard in Resources */ = {isa = PBXBuildFile; fileRef = 48D0AD9F24275FA400E69E92 /* ChooseZodiak.storyboard */; };
		48D0ADA22427615000E69E92 /* ChoozeZodiakCollectionViewController.swift in Sources */ = {isa = PBXBuildFile; fileRef = 48D0ADA12427615000E69E92 /* ChoozeZodiakCollectionViewController.swift */; };
		48D0ADA62427A82B00E69E92 /* ChooseZodiakCollectionViewCell.swift in Sources */ = {isa = PBXBuildFile; fileRef = 48D0ADA52427A82B00E69E92 /* ChooseZodiakCollectionViewCell.swift */; };
		48D0ADA82427A85E00E69E92 /* ZodiakModel.swift in Sources */ = {isa = PBXBuildFile; fileRef = 48D0ADA72427A85E00E69E92 /* ZodiakModel.swift */; };
		88830D4462A7B62D290D93E2 /* Pods_FaceAnalyzer.framework in Frameworks */ = {isa = PBXBuildFile; fileRef = E6F53B8BAEAC19E72668FC83 /* Pods_FaceAnalyzer.framework */; };
/* End PBXBuildFile section */

/* Begin PBXFileReference section */
		00964BCB3063EDC1BEADCD23 /* Pods-FaceAnalyzer.release.xcconfig */ = {isa = PBXFileReference; includeInIndex = 1; lastKnownFileType = text.xcconfig; name = "Pods-FaceAnalyzer.release.xcconfig"; path = "Target Support Files/Pods-FaceAnalyzer/Pods-FaceAnalyzer.release.xcconfig"; sourceTree = "<group>"; };
		4887B4DE242BF962004D5153 /* ContentManager.swift */ = {isa = PBXFileReference; lastKnownFileType = sourcecode.swift; path = ContentManager.swift; sourceTree = "<group>"; };
		4887B4E0242BF977004D5153 /* DataBaseManager.swift */ = {isa = PBXFileReference; lastKnownFileType = sourcecode.swift; path = DataBaseManager.swift; sourceTree = "<group>"; };
		4887B4E6242F9BAE004D5153 /* Subscription.storyboard */ = {isa = PBXFileReference; lastKnownFileType = file.storyboard; path = Subscription.storyboard; sourceTree = "<group>"; };
		4887B4E8242FB103004D5153 /* SubscriptionViewController.swift */ = {isa = PBXFileReference; lastKnownFileType = sourcecode.swift; path = SubscriptionViewController.swift; sourceTree = "<group>"; };
		4887B4EB242FF26B004D5153 /* SubscriptionIAPManager.swift */ = {isa = PBXFileReference; lastKnownFileType = sourcecode.swift; path = SubscriptionIAPManager.swift; sourceTree = "<group>"; };
		4887B4EF2430C216004D5153 /* TabBarViewController.swift */ = {isa = PBXFileReference; lastKnownFileType = sourcecode.swift; path = TabBarViewController.swift; sourceTree = "<group>"; };
		4887B4F42430C4F2004D5153 /* MainMenu.storyboard */ = {isa = PBXFileReference; lastKnownFileType = file.storyboard; path = MainMenu.storyboard; sourceTree = "<group>"; };
		4887B4F62430C511004D5153 /* MainMenuViewController.swift */ = {isa = PBXFileReference; lastKnownFileType = sourcecode.swift; path = MainMenuViewController.swift; sourceTree = "<group>"; };
		4887B4FE2430C7A9004D5153 /* ProfileViewController.swift */ = {isa = PBXFileReference; lastKnownFileType = sourcecode.swift; path = ProfileViewController.swift; sourceTree = "<group>"; };
		4887B5002430C7B9004D5153 /* Profile.storyboard */ = {isa = PBXFileReference; lastKnownFileType = file.storyboard; path = Profile.storyboard; sourceTree = "<group>"; };
		4887B5022430C803004D5153 /* SettingsViewController.swift */ = {isa = PBXFileReference; lastKnownFileType = sourcecode.swift; path = SettingsViewController.swift; sourceTree = "<group>"; };
		4887B5042430C814004D5153 /* Settings.storyboard */ = {isa = PBXFileReference; lastKnownFileType = file.storyboard; path = Settings.storyboard; sourceTree = "<group>"; };
		4887B5082430D317004D5153 /* Storyboard.swift */ = {isa = PBXFileReference; lastKnownFileType = sourcecode.swift; path = Storyboard.swift; sourceTree = "<group>"; };
		4887B50B2430D5F3004D5153 /* StoryboardExtension.swift */ = {isa = PBXFileReference; lastKnownFileType = sourcecode.swift; path = StoryboardExtension.swift; sourceTree = "<group>"; };
		4887B5102433AA35004D5153 /* DontKnowZodiak.storyboard */ = {isa = PBXFileReference; lastKnownFileType = file.storyboard; path = DontKnowZodiak.storyboard; sourceTree = "<group>"; };
		4887B5132438B9B2004D5153 /* SettingsTableViewCell.swift */ = {isa = PBXFileReference; lastKnownFileType = sourcecode.swift; path = SettingsTableViewCell.swift; sourceTree = "<group>"; };
		48A6F466243A30FF002E97F1 /* logo1.gif */ = {isa = PBXFileReference; lastKnownFileType = image.gif; path = logo1.gif; sourceTree = "<group>"; };
		48A6F46B243A3997002E97F1 /* TermsOfService.storyboard */ = {isa = PBXFileReference; lastKnownFileType = file.storyboard; path = TermsOfService.storyboard; sourceTree = "<group>"; };
		48A6F46D243A457E002E97F1 /* TermsOfServiceViewController.swift */ = {isa = PBXFileReference; lastKnownFileType = sourcecode.swift; path = TermsOfServiceViewController.swift; sourceTree = "<group>"; };
		48A6F46F2454DF30002E97F1 /* DontKnowZodiakViewController.swift */ = {isa = PBXFileReference; lastKnownFileType = sourcecode.swift; path = DontKnowZodiakViewController.swift; sourceTree = "<group>"; };
		48D0AD6E2425FA1700E69E92 /* FaceAnalyzer.app */ = {isa = PBXFileReference; explicitFileType = wrapper.application; includeInIndex = 0; path = FaceAnalyzer.app; sourceTree = BUILT_PRODUCTS_DIR; };
		48D0AD712425FA1700E69E92 /* AppDelegate.swift */ = {isa = PBXFileReference; lastKnownFileType = sourcecode.swift; path = AppDelegate.swift; sourceTree = "<group>"; };
		48D0AD752425FA1700E69E92 /* ViewController.swift */ = {isa = PBXFileReference; lastKnownFileType = sourcecode.swift; path = ViewController.swift; sourceTree = "<group>"; };
		48D0AD7A2425FA1900E69E92 /* Assets.xcassets */ = {isa = PBXFileReference; lastKnownFileType = folder.assetcatalog; path = Assets.xcassets; sourceTree = "<group>"; };
		48D0AD7D2425FA1900E69E92 /* Base */ = {isa = PBXFileReference; lastKnownFileType = file.storyboard; name = Base; path = Base.lproj/LaunchScreen.storyboard; sourceTree = "<group>"; };
		48D0AD7F2425FA1900E69E92 /* Info.plist */ = {isa = PBXFileReference; lastKnownFileType = text.plist.xml; path = Info.plist; sourceTree = "<group>"; };
		48D0AD872425FCC500E69E92 /* LogoAnimationView.swift */ = {isa = PBXFileReference; lastKnownFileType = sourcecode.swift; path = LogoAnimationView.swift; sourceTree = "<group>"; };
		48D0AD8A2425FD4800E69E92 /* LogoConstraints.swift */ = {isa = PBXFileReference; lastKnownFileType = sourcecode.swift; path = LogoConstraints.swift; sourceTree = "<group>"; };
		48D0AD91242632DE00E69E92 /* logo.gif */ = {isa = PBXFileReference; lastKnownFileType = image.gif; path = logo.gif; sourceTree = "<group>"; };
		48D0AD9824264F8900E69E92 /* NameEnter.storyboard */ = {isa = PBXFileReference; lastKnownFileType = file.storyboard; path = NameEnter.storyboard; sourceTree = "<group>"; };
		48D0AD9A2426595300E69E92 /* NameEnterViewController.swift */ = {isa = PBXFileReference; lastKnownFileType = sourcecode.swift; path = NameEnterViewController.swift; sourceTree = "<group>"; };
		48D0AD9F24275FA400E69E92 /* ChooseZodiak.storyboard */ = {isa = PBXFileReference; lastKnownFileType = file.storyboard; path = ChooseZodiak.storyboard; sourceTree = "<group>"; };
		48D0ADA12427615000E69E92 /* ChoozeZodiakCollectionViewController.swift */ = {isa = PBXFileReference; lastKnownFileType = sourcecode.swift; path = ChoozeZodiakCollectionViewController.swift; sourceTree = "<group>"; };
		48D0ADA52427A82B00E69E92 /* ChooseZodiakCollectionViewCell.swift */ = {isa = PBXFileReference; lastKnownFileType = sourcecode.swift; path = ChooseZodiakCollectionViewCell.swift; sourceTree = "<group>"; };
		48D0ADA72427A85E00E69E92 /* ZodiakModel.swift */ = {isa = PBXFileReference; lastKnownFileType = sourcecode.swift; path = ZodiakModel.swift; sourceTree = "<group>"; };
		74B44EA89E55AA8F62914D62 /* Pods-FaceAnalyzer.debug.xcconfig */ = {isa = PBXFileReference; includeInIndex = 1; lastKnownFileType = text.xcconfig; name = "Pods-FaceAnalyzer.debug.xcconfig"; path = "Target Support Files/Pods-FaceAnalyzer/Pods-FaceAnalyzer.debug.xcconfig"; sourceTree = "<group>"; };
		E6F53B8BAEAC19E72668FC83 /* Pods_FaceAnalyzer.framework */ = {isa = PBXFileReference; explicitFileType = wrapper.framework; includeInIndex = 0; path = Pods_FaceAnalyzer.framework; sourceTree = BUILT_PRODUCTS_DIR; };
/* End PBXFileReference section */

/* Begin PBXFrameworksBuildPhase section */
		48D0AD6B2425FA1700E69E92 /* Frameworks */ = {
			isa = PBXFrameworksBuildPhase;
			buildActionMask = 2147483647;
			files = (
				88830D4462A7B62D290D93E2 /* Pods_FaceAnalyzer.framework in Frameworks */,
			);
			runOnlyForDeploymentPostprocessing = 0;
		};
/* End PBXFrameworksBuildPhase section */

/* Begin PBXGroup section */
		4887B4DD242BF927004D5153 /* Manager */ = {
			isa = PBXGroup;
			children = (
				4887B4DE242BF962004D5153 /* ContentManager.swift */,
				4887B4E0242BF977004D5153 /* DataBaseManager.swift */,
			);
			path = Manager;
			sourceTree = "<group>";
		};
		4887B4E2242F9AE2004D5153 /* Subscription  */ = {
			isa = PBXGroup;
			children = (
				4887B4E5242F9B01004D5153 /* Storyboard  */,
				4887B4E4242F9AF7004D5153 /* ViewController */,
				4887B4E3242F9AF1004D5153 /* Manager */,
			);
			path = "Subscription ";
			sourceTree = "<group>";
		};
		4887B4E3242F9AF1004D5153 /* Manager */ = {
			isa = PBXGroup;
			children = (
				4887B4EB242FF26B004D5153 /* SubscriptionIAPManager.swift */,
			);
			path = Manager;
			sourceTree = "<group>";
		};
		4887B4E4242F9AF7004D5153 /* ViewController */ = {
			isa = PBXGroup;
			children = (
				4887B4E8242FB103004D5153 /* SubscriptionViewController.swift */,
			);
			path = ViewController;
			sourceTree = "<group>";
		};
		4887B4E5242F9B01004D5153 /* Storyboard  */ = {
			isa = PBXGroup;
			children = (
				4887B4E6242F9BAE004D5153 /* Subscription.storyboard */,
			);
			path = "Storyboard ";
			sourceTree = "<group>";
		};
		4887B4ED2430C1D3004D5153 /* TabBar */ = {
			isa = PBXGroup;
			children = (
				4887B4EE2430C1DB004D5153 /* ViewController */,
			);
			path = TabBar;
			sourceTree = "<group>";
		};
		4887B4EE2430C1DB004D5153 /* ViewController */ = {
			isa = PBXGroup;
			children = (
				4887B4EF2430C216004D5153 /* TabBarViewController.swift */,
			);
			path = ViewController;
			sourceTree = "<group>";
		};
		4887B4F12430C3BE004D5153 /* MainMenu */ = {
			isa = PBXGroup;
			children = (
				4887B4F32430C3FE004D5153 /* Storyboard */,
				4887B4F22430C3F1004D5153 /* ViewController */,
			);
			path = MainMenu;
			sourceTree = "<group>";
		};
		4887B4F22430C3F1004D5153 /* ViewController */ = {
			isa = PBXGroup;
			children = (
				4887B4F62430C511004D5153 /* MainMenuViewController.swift */,
			);
			path = ViewController;
			sourceTree = "<group>";
		};
		4887B4F32430C3FE004D5153 /* Storyboard */ = {
			isa = PBXGroup;
			children = (
				4887B4F42430C4F2004D5153 /* MainMenu.storyboard */,
			);
			path = Storyboard;
			sourceTree = "<group>";
		};
		4887B4F82430C740004D5153 /* Profile */ = {
			isa = PBXGroup;
			children = (
				4887B4FB2430C76D004D5153 /* Storyboard */,
				4887B4FA2430C75A004D5153 /* ViewController */,
			);
			path = Profile;
			sourceTree = "<group>";
		};
		4887B4F92430C74C004D5153 /* Settings  */ = {
			isa = PBXGroup;
			children = (
				4887B5122438B40B004D5153 /* Cell */,
				4887B4FD2430C781004D5153 /* Storyboard */,
				4887B4FC2430C778004D5153 /* ViewController */,
			);
			path = "Settings ";
			sourceTree = "<group>";
		};
		4887B4FA2430C75A004D5153 /* ViewController */ = {
			isa = PBXGroup;
			children = (
				4887B4FE2430C7A9004D5153 /* ProfileViewController.swift */,
			);
			path = ViewController;
			sourceTree = "<group>";
		};
		4887B4FB2430C76D004D5153 /* Storyboard */ = {
			isa = PBXGroup;
			children = (
				4887B5002430C7B9004D5153 /* Profile.storyboard */,
			);
			path = Storyboard;
			sourceTree = "<group>";
		};
		4887B4FC2430C778004D5153 /* ViewController */ = {
			isa = PBXGroup;
			children = (
				4887B5022430C803004D5153 /* SettingsViewController.swift */,
			);
			path = ViewController;
			sourceTree = "<group>";
		};
		4887B4FD2430C781004D5153 /* Storyboard */ = {
			isa = PBXGroup;
			children = (
				4887B5042430C814004D5153 /* Settings.storyboard */,
			);
			path = Storyboard;
			sourceTree = "<group>";
		};
		4887B5062430D297004D5153 /* Core */ = {
			isa = PBXGroup;
			children = (
				4887B50A2430D5CC004D5153 /* Extension */,
				4887B5072430D2F5004D5153 /* Enum */,
			);
			path = Core;
			sourceTree = "<group>";
		};
		4887B5072430D2F5004D5153 /* Enum */ = {
			isa = PBXGroup;
			children = (
				4887B5082430D317004D5153 /* Storyboard.swift */,
			);
			path = Enum;
			sourceTree = "<group>";
		};
		4887B50A2430D5CC004D5153 /* Extension */ = {
			isa = PBXGroup;
			children = (
				4887B50B2430D5F3004D5153 /* StoryboardExtension.swift */,
			);
			path = Extension;
			sourceTree = "<group>";
		};
		4887B50D2433AA03004D5153 /* DontKnowZodiak */ = {
			isa = PBXGroup;
			children = (
				4887B50F2433AA1E004D5153 /* ViewController */,
				4887B50E2433AA14004D5153 /* Storyboard */,
			);
			path = DontKnowZodiak;
			sourceTree = "<group>";
		};
		4887B50E2433AA14004D5153 /* Storyboard */ = {
			isa = PBXGroup;
			children = (
				4887B5102433AA35004D5153 /* DontKnowZodiak.storyboard */,
			);
			path = Storyboard;
			sourceTree = "<group>";
		};
		4887B50F2433AA1E004D5153 /* ViewController */ = {
			isa = PBXGroup;
			children = (
				48A6F46F2454DF30002E97F1 /* DontKnowZodiakViewController.swift */,
			);
			path = ViewController;
			sourceTree = "<group>";
		};
		4887B5122438B40B004D5153 /* Cell */ = {
			isa = PBXGroup;
			children = (
				4887B5132438B9B2004D5153 /* SettingsTableViewCell.swift */,
			);
			path = Cell;
			sourceTree = "<group>";
		};
		48A6F468243A3955002E97F1 /* TermsOfService */ = {
			isa = PBXGroup;
			children = (
				48A6F46A243A397B002E97F1 /* Storyboard */,
				48A6F469243A3973002E97F1 /* ViewController */,
			);
			path = TermsOfService;
			sourceTree = "<group>";
		};
		48A6F469243A3973002E97F1 /* ViewController */ = {
			isa = PBXGroup;
			children = (
				48A6F46D243A457E002E97F1 /* TermsOfServiceViewController.swift */,
			);
			path = ViewController;
			sourceTree = "<group>";
		};
		48A6F46A243A397B002E97F1 /* Storyboard */ = {
			isa = PBXGroup;
			children = (
				48A6F46B243A3997002E97F1 /* TermsOfService.storyboard */,
			);
			path = Storyboard;
			sourceTree = "<group>";
		};
		48D0AD652425FA1700E69E92 = {
			isa = PBXGroup;
			children = (
				48D0AD702425FA1700E69E92 /* FaceAnalyzer */,
				48D0AD6F2425FA1700E69E92 /* Products */,
				D1107D2249B1A5DF53D0FFBA /* Pods */,
				DA73767A529FF162AABBA114 /* Frameworks */,
			);
			sourceTree = "<group>";
		};
		48D0AD6F2425FA1700E69E92 /* Products */ = {
			isa = PBXGroup;
			children = (
				48D0AD6E2425FA1700E69E92 /* FaceAnalyzer.app */,
			);
			name = Products;
			sourceTree = "<group>";
		};
		48D0AD702425FA1700E69E92 /* FaceAnalyzer */ = {
			isa = PBXGroup;
			children = (
				48A6F468243A3955002E97F1 /* TermsOfService */,
				4887B50D2433AA03004D5153 /* DontKnowZodiak */,
				4887B4F92430C74C004D5153 /* Settings  */,
				4887B4F82430C740004D5153 /* Profile */,
				4887B4F12430C3BE004D5153 /* MainMenu */,
				4887B4ED2430C1D3004D5153 /* TabBar */,
				4887B4E2242F9AE2004D5153 /* Subscription  */,
				48D0AD9C2427598F00E69E92 /* ChooseZodiak */,
				48D0AD9524264ECE00E69E92 /* NameEnter */,
				48D0AD852425FC4200E69E92 /* AnimatedLaunchScreen */,
				4887B5062430D297004D5153 /* Core */,
				48D0AD712425FA1700E69E92 /* AppDelegate.swift */,
				48D0AD7A2425FA1900E69E92 /* Assets.xcassets */,
				48D0AD7C2425FA1900E69E92 /* LaunchScreen.storyboard */,
				48D0AD7F2425FA1900E69E92 /* Info.plist */,
			);
			path = FaceAnalyzer;
			sourceTree = "<group>";
		};
		48D0AD852425FC4200E69E92 /* AnimatedLaunchScreen */ = {
			isa = PBXGroup;
			children = (
				48D0AD8C2425FD6800E69E92 /* Gallery */,
				48D0AD892425FCCB00E69E92 /* View */,
				48D0AD862425FC6E00E69E92 /* ViewController */,
			);
			path = AnimatedLaunchScreen;
			sourceTree = "<group>";
		};
		48D0AD862425FC6E00E69E92 /* ViewController */ = {
			isa = PBXGroup;
			children = (
				48D0AD752425FA1700E69E92 /* ViewController.swift */,
			);
			path = ViewController;
			sourceTree = "<group>";
		};
		48D0AD892425FCCB00E69E92 /* View */ = {
			isa = PBXGroup;
			children = (
				48D0AD872425FCC500E69E92 /* LogoAnimationView.swift */,
				48D0AD8A2425FD4800E69E92 /* LogoConstraints.swift */,
			);
			path = View;
			sourceTree = "<group>";
		};
		48D0AD8C2425FD6800E69E92 /* Gallery */ = {
			isa = PBXGroup;
			children = (
				48D0AD91242632DE00E69E92 /* logo.gif */,
				48A6F466243A30FF002E97F1 /* logo1.gif */,
			);
			path = Gallery;
			sourceTree = "<group>";
		};
		48D0AD9524264ECE00E69E92 /* NameEnter */ = {
			isa = PBXGroup;
			children = (
				48D0AD9724264F5B00E69E92 /* ViewController */,
				48D0AD9624264F4300E69E92 /* Storyboard */,
			);
			path = NameEnter;
			sourceTree = "<group>";
		};
		48D0AD9624264F4300E69E92 /* Storyboard */ = {
			isa = PBXGroup;
			children = (
				48D0AD9824264F8900E69E92 /* NameEnter.storyboard */,
			);
			path = Storyboard;
			sourceTree = "<group>";
		};
		48D0AD9724264F5B00E69E92 /* ViewController */ = {
			isa = PBXGroup;
			children = (
				48D0AD9A2426595300E69E92 /* NameEnterViewController.swift */,
			);
			path = ViewController;
			sourceTree = "<group>";
		};
		48D0AD9C2427598F00E69E92 /* ChooseZodiak */ = {
			isa = PBXGroup;
			children = (
				4887B4DD242BF927004D5153 /* Manager */,
				48D0ADA42427A7FB00E69E92 /* Model */,
				48D0ADA32427A7EE00E69E92 /* Cell */,
				48D0AD9E24275DB500E69E92 /* ViewController */,
				48D0AD9D24275DA300E69E92 /* Storyboard */,
			);
			path = ChooseZodiak;
			sourceTree = "<group>";
		};
		48D0AD9D24275DA300E69E92 /* Storyboard */ = {
			isa = PBXGroup;
			children = (
				48D0AD9F24275FA400E69E92 /* ChooseZodiak.storyboard */,
			);
			path = Storyboard;
			sourceTree = "<group>";
		};
		48D0AD9E24275DB500E69E92 /* ViewController */ = {
			isa = PBXGroup;
			children = (
				48D0ADA12427615000E69E92 /* ChoozeZodiakCollectionViewController.swift */,
			);
			path = ViewController;
			sourceTree = "<group>";
		};
		48D0ADA32427A7EE00E69E92 /* Cell */ = {
			isa = PBXGroup;
			children = (
				48D0ADA52427A82B00E69E92 /* ChooseZodiakCollectionViewCell.swift */,
			);
			path = Cell;
			sourceTree = "<group>";
		};
		48D0ADA42427A7FB00E69E92 /* Model */ = {
			isa = PBXGroup;
			children = (
				48D0ADA72427A85E00E69E92 /* ZodiakModel.swift */,
			);
			path = Model;
			sourceTree = "<group>";
		};
		D1107D2249B1A5DF53D0FFBA /* Pods */ = {
			isa = PBXGroup;
			children = (
				74B44EA89E55AA8F62914D62 /* Pods-FaceAnalyzer.debug.xcconfig */,
				00964BCB3063EDC1BEADCD23 /* Pods-FaceAnalyzer.release.xcconfig */,
			);
			path = Pods;
			sourceTree = "<group>";
		};
		DA73767A529FF162AABBA114 /* Frameworks */ = {
			isa = PBXGroup;
			children = (
				E6F53B8BAEAC19E72668FC83 /* Pods_FaceAnalyzer.framework */,
			);
			name = Frameworks;
			sourceTree = "<group>";
		};
/* End PBXGroup section */

/* Begin PBXNativeTarget section */
		48D0AD6D2425FA1700E69E92 /* FaceAnalyzer */ = {
			isa = PBXNativeTarget;
			buildConfigurationList = 48D0AD822425FA1900E69E92 /* Build configuration list for PBXNativeTarget "FaceAnalyzer" */;
			buildPhases = (
				E3EE134A45EC46091D6447B0 /* [CP] Check Pods Manifest.lock */,
				48D0AD6A2425FA1700E69E92 /* Sources */,
				48D0AD6B2425FA1700E69E92 /* Frameworks */,
				48D0AD6C2425FA1700E69E92 /* Resources */,
				B6EA13FA2B7C50F2F531C545 /* [CP] Embed Pods Frameworks */,
			);
			buildRules = (
			);
			dependencies = (
			);
			name = FaceAnalyzer;
			productName = FaceAnalyzer;
			productReference = 48D0AD6E2425FA1700E69E92 /* FaceAnalyzer.app */;
			productType = "com.apple.product-type.application";
		};
/* End PBXNativeTarget section */

/* Begin PBXProject section */
		48D0AD662425FA1700E69E92 /* Project object */ = {
			isa = PBXProject;
			attributes = {
				LastSwiftUpdateCheck = 1100;
				LastUpgradeCheck = 1100;
				ORGANIZATIONNAME = VB;
				TargetAttributes = {
					48D0AD6D2425FA1700E69E92 = {
						CreatedOnToolsVersion = 11.0;
					};
				};
			};
			buildConfigurationList = 48D0AD692425FA1700E69E92 /* Build configuration list for PBXProject "FaceAnalyzer" */;
			compatibilityVersion = "Xcode 9.3";
			developmentRegion = en;
			hasScannedForEncodings = 0;
			knownRegions = (
				en,
				Base,
			);
			mainGroup = 48D0AD652425FA1700E69E92;
			productRefGroup = 48D0AD6F2425FA1700E69E92 /* Products */;
			projectDirPath = "";
			projectRoot = "";
			targets = (
				48D0AD6D2425FA1700E69E92 /* FaceAnalyzer */,
			);
		};
/* End PBXProject section */

/* Begin PBXResourcesBuildPhase section */
		48D0AD6C2425FA1700E69E92 /* Resources */ = {
			isa = PBXResourcesBuildPhase;
			buildActionMask = 2147483647;
			files = (
				48D0AD7E2425FA1900E69E92 /* LaunchScreen.storyboard in Resources */,
				48A6F46C243A3997002E97F1 /* TermsOfService.storyboard in Resources */,
				4887B4F52430C4F2004D5153 /* MainMenu.storyboard in Resources */,
				4887B5112433AA35004D5153 /* DontKnowZodiak.storyboard in Resources */,
				4887B5012430C7B9004D5153 /* Profile.storyboard in Resources */,
				48D0ADA024275FA400E69E92 /* ChooseZodiak.storyboard in Resources */,
				48D0AD92242632DE00E69E92 /* logo.gif in Resources */,
				4887B4E7242F9BAE004D5153 /* Subscription.storyboard in Resources */,
				4887B5052430C814004D5153 /* Settings.storyboard in Resources */,
				48D0AD7B2425FA1900E69E92 /* Assets.xcassets in Resources */,
				48A6F467243A30FF002E97F1 /* logo1.gif in Resources */,
				48D0AD9924264F8900E69E92 /* NameEnter.storyboard in Resources */,
			);
			runOnlyForDeploymentPostprocessing = 0;
		};
/* End PBXResourcesBuildPhase section */

/* Begin PBXShellScriptBuildPhase section */
		B6EA13FA2B7C50F2F531C545 /* [CP] Embed Pods Frameworks */ = {
			isa = PBXShellScriptBuildPhase;
			buildActionMask = 2147483647;
			files = (
			);
			inputFileListPaths = (
				"${PODS_ROOT}/Target Support Files/Pods-FaceAnalyzer/Pods-FaceAnalyzer-frameworks-${CONFIGURATION}-input-files.xcfilelist",
			);
			name = "[CP] Embed Pods Frameworks";
			outputFileListPaths = (
				"${PODS_ROOT}/Target Support Files/Pods-FaceAnalyzer/Pods-FaceAnalyzer-frameworks-${CONFIGURATION}-output-files.xcfilelist",
			);
			runOnlyForDeploymentPostprocessing = 0;
			shellPath = /bin/sh;
			shellScript = "\"${PODS_ROOT}/Target Support Files/Pods-FaceAnalyzer/Pods-FaceAnalyzer-frameworks.sh\"\n";
			showEnvVarsInLog = 0;
		};
		E3EE134A45EC46091D6447B0 /* [CP] Check Pods Manifest.lock */ = {
			isa = PBXShellScriptBuildPhase;
			buildActionMask = 2147483647;
			files = (
			);
			inputFileListPaths = (
			);
			inputPaths = (
				"${PODS_PODFILE_DIR_PATH}/Podfile.lock",
				"${PODS_ROOT}/Manifest.lock",
			);
			name = "[CP] Check Pods Manifest.lock";
			outputFileListPaths = (
			);
			outputPaths = (
				"$(DERIVED_FILE_DIR)/Pods-FaceAnalyzer-checkManifestLockResult.txt",
			);
			runOnlyForDeploymentPostprocessing = 0;
			shellPath = /bin/sh;
			shellScript = "diff \"${PODS_PODFILE_DIR_PATH}/Podfile.lock\" \"${PODS_ROOT}/Manifest.lock\" > /dev/null\nif [ $? != 0 ] ; then\n    # print error to STDERR\n    echo \"error: The sandbox is not in sync with the Podfile.lock. Run 'pod install' or update your CocoaPods installation.\" >&2\n    exit 1\nfi\n# This output is used by Xcode 'outputs' to avoid re-running this script phase.\necho \"SUCCESS\" > \"${SCRIPT_OUTPUT_FILE_0}\"\n";
			showEnvVarsInLog = 0;
		};
/* End PBXShellScriptBuildPhase section */

/* Begin PBXSourcesBuildPhase section */
		48D0AD6A2425FA1700E69E92 /* Sources */ = {
			isa = PBXSourcesBuildPhase;
			buildActionMask = 2147483647;
			files = (
				4887B4F72430C511004D5153 /* MainMenuViewController.swift in Sources */,
				48D0ADA22427615000E69E92 /* ChoozeZodiakCollectionViewController.swift in Sources */,
				48A6F46E243A457E002E97F1 /* TermsOfServiceViewController.swift in Sources */,
				48D0AD762425FA1700E69E92 /* ViewController.swift in Sources */,
				48D0AD8B2425FD4800E69E92 /* LogoConstraints.swift in Sources */,
				4887B4E1242BF977004D5153 /* DataBaseManager.swift in Sources */,
				4887B4DF242BF962004D5153 /* ContentManager.swift in Sources */,
				4887B4FF2430C7A9004D5153 /* ProfileViewController.swift in Sources */,
				48D0AD722425FA1700E69E92 /* AppDelegate.swift in Sources */,
				4887B4EC242FF26B004D5153 /* SubscriptionIAPManager.swift in Sources */,
				4887B5092430D317004D5153 /* Storyboard.swift in Sources */,
				4887B5142438B9B2004D5153 /* SettingsTableViewCell.swift in Sources */,
				48D0AD9B2426595300E69E92 /* NameEnterViewController.swift in Sources */,
				48D0AD882425FCC500E69E92 /* LogoAnimationView.swift in Sources */,
				4887B4E9242FB103004D5153 /* SubscriptionViewController.swift in Sources */,
				48D0ADA62427A82B00E69E92 /* ChooseZodiakCollectionViewCell.swift in Sources */,
				4887B4F02430C216004D5153 /* TabBarViewController.swift in Sources */,
				48D0ADA82427A85E00E69E92 /* ZodiakModel.swift in Sources */,
				4887B50C2430D5F3004D5153 /* StoryboardExtension.swift in Sources */,
				4887B5032430C803004D5153 /* SettingsViewController.swift in Sources */,
				48A6F4702454DF30002E97F1 /* DontKnowZodiakViewController.swift in Sources */,
			);
			runOnlyForDeploymentPostprocessing = 0;
		};
/* End PBXSourcesBuildPhase section */

/* Begin PBXVariantGroup section */
		48D0AD7C2425FA1900E69E92 /* LaunchScreen.storyboard */ = {
			isa = PBXVariantGroup;
			children = (
				48D0AD7D2425FA1900E69E92 /* Base */,
			);
			name = LaunchScreen.storyboard;
			sourceTree = "<group>";
		};
/* End PBXVariantGroup section */

/* Begin XCBuildConfiguration section */
		48D0AD802425FA1900E69E92 /* Debug */ = {
			isa = XCBuildConfiguration;
			buildSettings = {
				ALWAYS_SEARCH_USER_PATHS = NO;
				CLANG_ANALYZER_NONNULL = YES;
				CLANG_ANALYZER_NUMBER_OBJECT_CONVERSION = YES_AGGRESSIVE;
				CLANG_CXX_LANGUAGE_STANDARD = "gnu++14";
				CLANG_CXX_LIBRARY = "libc++";
				CLANG_ENABLE_MODULES = YES;
				CLANG_ENABLE_OBJC_ARC = YES;
				CLANG_ENABLE_OBJC_WEAK = YES;
				CLANG_WARN_BLOCK_CAPTURE_AUTORELEASING = YES;
				CLANG_WARN_BOOL_CONVERSION = YES;
				CLANG_WARN_COMMA = YES;
				CLANG_WARN_CONSTANT_CONVERSION = YES;
				CLANG_WARN_DEPRECATED_OBJC_IMPLEMENTATIONS = YES;
				CLANG_WARN_DIRECT_OBJC_ISA_USAGE = YES_ERROR;
				CLANG_WARN_DOCUMENTATION_COMMENTS = YES;
				CLANG_WARN_EMPTY_BODY = YES;
				CLANG_WARN_ENUM_CONVERSION = YES;
				CLANG_WARN_INFINITE_RECURSION = YES;
				CLANG_WARN_INT_CONVERSION = YES;
				CLANG_WARN_NON_LITERAL_NULL_CONVERSION = YES;
				CLANG_WARN_OBJC_IMPLICIT_RETAIN_SELF = YES;
				CLANG_WARN_OBJC_LITERAL_CONVERSION = YES;
				CLANG_WARN_OBJC_ROOT_CLASS = YES_ERROR;
				CLANG_WARN_RANGE_LOOP_ANALYSIS = YES;
				CLANG_WARN_STRICT_PROTOTYPES = YES;
				CLANG_WARN_SUSPICIOUS_MOVE = YES;
				CLANG_WARN_UNGUARDED_AVAILABILITY = YES_AGGRESSIVE;
				CLANG_WARN_UNREACHABLE_CODE = YES;
				CLANG_WARN__DUPLICATE_METHOD_MATCH = YES;
				COPY_PHASE_STRIP = NO;
				DEBUG_INFORMATION_FORMAT = dwarf;
				ENABLE_STRICT_OBJC_MSGSEND = YES;
				ENABLE_TESTABILITY = YES;
				GCC_C_LANGUAGE_STANDARD = gnu11;
				GCC_DYNAMIC_NO_PIC = NO;
				GCC_NO_COMMON_BLOCKS = YES;
				GCC_OPTIMIZATION_LEVEL = 0;
				GCC_PREPROCESSOR_DEFINITIONS = (
					"DEBUG=1",
					"$(inherited)",
				);
				GCC_WARN_64_TO_32_BIT_CONVERSION = YES;
				GCC_WARN_ABOUT_RETURN_TYPE = YES_ERROR;
				GCC_WARN_UNDECLARED_SELECTOR = YES;
				GCC_WARN_UNINITIALIZED_AUTOS = YES_AGGRESSIVE;
				GCC_WARN_UNUSED_FUNCTION = YES;
				GCC_WARN_UNUSED_VARIABLE = YES;
				IPHONEOS_DEPLOYMENT_TARGET = 13.0;
				MTL_ENABLE_DEBUG_INFO = INCLUDE_SOURCE;
				MTL_FAST_MATH = YES;
				ONLY_ACTIVE_ARCH = YES;
				SDKROOT = iphoneos;
				SWIFT_ACTIVE_COMPILATION_CONDITIONS = DEBUG;
				SWIFT_OPTIMIZATION_LEVEL = "-Onone";
			};
			name = Debug;
		};
		48D0AD812425FA1900E69E92 /* Release */ = {
			isa = XCBuildConfiguration;
			buildSettings = {
				ALWAYS_SEARCH_USER_PATHS = NO;
				CLANG_ANALYZER_NONNULL = YES;
				CLANG_ANALYZER_NUMBER_OBJECT_CONVERSION = YES_AGGRESSIVE;
				CLANG_CXX_LANGUAGE_STANDARD = "gnu++14";
				CLANG_CXX_LIBRARY = "libc++";
				CLANG_ENABLE_MODULES = YES;
				CLANG_ENABLE_OBJC_ARC = YES;
				CLANG_ENABLE_OBJC_WEAK = YES;
				CLANG_WARN_BLOCK_CAPTURE_AUTORELEASING = YES;
				CLANG_WARN_BOOL_CONVERSION = YES;
				CLANG_WARN_COMMA = YES;
				CLANG_WARN_CONSTANT_CONVERSION = YES;
				CLANG_WARN_DEPRECATED_OBJC_IMPLEMENTATIONS = YES;
				CLANG_WARN_DIRECT_OBJC_ISA_USAGE = YES_ERROR;
				CLANG_WARN_DOCUMENTATION_COMMENTS = YES;
				CLANG_WARN_EMPTY_BODY = YES;
				CLANG_WARN_ENUM_CONVERSION = YES;
				CLANG_WARN_INFINITE_RECURSION = YES;
				CLANG_WARN_INT_CONVERSION = YES;
				CLANG_WARN_NON_LITERAL_NULL_CONVERSION = YES;
				CLANG_WARN_OBJC_IMPLICIT_RETAIN_SELF = YES;
				CLANG_WARN_OBJC_LITERAL_CONVERSION = YES;
				CLANG_WARN_OBJC_ROOT_CLASS = YES_ERROR;
				CLANG_WARN_RANGE_LOOP_ANALYSIS = YES;
				CLANG_WARN_STRICT_PROTOTYPES = YES;
				CLANG_WARN_SUSPICIOUS_MOVE = YES;
				CLANG_WARN_UNGUARDED_AVAILABILITY = YES_AGGRESSIVE;
				CLANG_WARN_UNREACHABLE_CODE = YES;
				CLANG_WARN__DUPLICATE_METHOD_MATCH = YES;
				COPY_PHASE_STRIP = NO;
				DEBUG_INFORMATION_FORMAT = "dwarf-with-dsym";
				ENABLE_NS_ASSERTIONS = NO;
				ENABLE_STRICT_OBJC_MSGSEND = YES;
				GCC_C_LANGUAGE_STANDARD = gnu11;
				GCC_NO_COMMON_BLOCKS = YES;
				GCC_WARN_64_TO_32_BIT_CONVERSION = YES;
				GCC_WARN_ABOUT_RETURN_TYPE = YES_ERROR;
				GCC_WARN_UNDECLARED_SELECTOR = YES;
				GCC_WARN_UNINITIALIZED_AUTOS = YES_AGGRESSIVE;
				GCC_WARN_UNUSED_FUNCTION = YES;
				GCC_WARN_UNUSED_VARIABLE = YES;
				IPHONEOS_DEPLOYMENT_TARGET = 13.0;
				MTL_ENABLE_DEBUG_INFO = NO;
				MTL_FAST_MATH = YES;
				SDKROOT = iphoneos;
				SWIFT_COMPILATION_MODE = wholemodule;
				SWIFT_OPTIMIZATION_LEVEL = "-O";
				VALIDATE_PRODUCT = YES;
			};
			name = Release;
		};
		48D0AD832425FA1900E69E92 /* Debug */ = {
			isa = XCBuildConfiguration;
			baseConfigurationReference = 74B44EA89E55AA8F62914D62 /* Pods-FaceAnalyzer.debug.xcconfig */;
			buildSettings = {
				ASSETCATALOG_COMPILER_APPICON_NAME = AppIcon;
				CODE_SIGN_STYLE = Automatic;
				DEVELOPMENT_TEAM = WA8JK6X4SL;
				INFOPLIST_FILE = FaceAnalyzer/Info.plist;
				IPHONEOS_DEPLOYMENT_TARGET = 11.0;
				LD_RUNPATH_SEARCH_PATHS = (
					"$(inherited)",
					"@executable_path/Frameworks",
				);
				PRODUCT_BUNDLE_IDENTIFIER = vb.FaceAnalyzer.pro;
				PRODUCT_NAME = "$(TARGET_NAME)";
				SWIFT_VERSION = 5.0;
				TARGETED_DEVICE_FAMILY = "1,2";
			};
			name = Debug;
		};
		48D0AD842425FA1900E69E92 /* Release */ = {
			isa = XCBuildConfiguration;
			baseConfigurationReference = 00964BCB3063EDC1BEADCD23 /* Pods-FaceAnalyzer.release.xcconfig */;
			buildSettings = {
				ASSETCATALOG_COMPILER_APPICON_NAME = AppIcon;
				CODE_SIGN_STYLE = Automatic;
				DEVELOPMENT_TEAM = WA8JK6X4SL;
				INFOPLIST_FILE = FaceAnalyzer/Info.plist;
				IPHONEOS_DEPLOYMENT_TARGET = 11.0;
				LD_RUNPATH_SEARCH_PATHS = (
					"$(inherited)",
					"@executable_path/Frameworks",
				);
				PRODUCT_BUNDLE_IDENTIFIER = vb.FaceAnalyzer.pro;
				PRODUCT_NAME = "$(TARGET_NAME)";
				SWIFT_VERSION = 5.0;
				TARGETED_DEVICE_FAMILY = "1,2";
			};
			name = Release;
		};
/* End XCBuildConfiguration section */

/* Begin XCConfigurationList section */
		48D0AD692425FA1700E69E92 /* Build configuration list for PBXProject "FaceAnalyzer" */ = {
			isa = XCConfigurationList;
			buildConfigurations = (
				48D0AD802425FA1900E69E92 /* Debug */,
				48D0AD812425FA1900E69E92 /* Release */,
			);
			defaultConfigurationIsVisible = 0;
			defaultConfigurationName = Release;
		};
		48D0AD822425FA1900E69E92 /* Build configuration list for PBXNativeTarget "FaceAnalyzer" */ = {
			isa = XCConfigurationList;
			buildConfigurations = (
				48D0AD832425FA1900E69E92 /* Debug */,
				48D0AD842425FA1900E69E92 /* Release */,
			);
			defaultConfigurationIsVisible = 0;
			defaultConfigurationName = Release;
		};
/* End XCConfigurationList section */
	};
	rootObject = 48D0AD662425FA1700E69E92 /* Project object */;
}
